
Microsoft Visual Studio Solution File, Format Version 12.00
# Visual Studio Version 16
VisualStudioVersion = 16.0.808.10
MinimumVisualStudioVersion = 10.0.40219.1
Project("{FAE04EC0-301F-11D3-BF4B-00C04F79EFBC}") = "wordoftheday", "wordoftheday\wordoftheday.csproj", "{E29C5688-D369-4D05-B611-C66DBDFA0FCA}"
EndProject
Global
	GlobalSection(SolutionConfigurationPlatforms) = preSolution
		Debug|Any CPU = Debug|Any CPU
		Release|Any CPU = Release|Any CPU
	EndGlobalSection
	GlobalSection(ProjectConfigurationPlatforms) = postSolution
		{E29C5688-D369-4D05-B611-C66DBDFA0FCA}.Debug|Any CPU.ActiveCfg = Debug|Any CPU
		{E29C5688-D369-4D05-B611-C66DBDFA0FCA}.Debug|Any CPU.Build.0 = Debug|Any CPU
		{E29C5688-D369-4D05-B611-C66DBDFA0FCA}.Release|Any CPU.ActiveCfg = Release|Any CPU
		{E29C5688-D369-4D05-B611-C66DBDFA0FCA}.Release|Any CPU.Build.0 = Release|Any CPU
	EndGlobalSection
	GlobalSection(SolutionProperties) = preSolution
		HideSolutionNode = FALSE
	EndGlobalSection
	GlobalSection(ExtensibilityGlobals) = postSolution
		SolutionGuid = {6F23DE15-BDD2-4045-BD8B-0CA552A2A13C}
	EndGlobalSection
EndGlobal
